
Microsoft Visual Studio Solution File, Format Version 12.00
# Visual Studio Version 17
VisualStudioVersion = 17.0.31903.59
MinimumVisualStudioVersion = 10.0.40219.1
Project("{FAE04EC0-301F-11D3-BF4B-00C04F79EFBC}") = "OfficeLinqMVC", "OfficeLinqMVC\OfficeLinqMVC.csproj", "{7319ABBB-B253-4F69-961F-B7BDDDF6E92B}"
EndProject
Global
	GlobalSection(SolutionConfigurationPlatforms) = preSolution
		Debug|Any CPU = Debug|Any CPU
		Release|Any CPU = Release|Any CPU
	EndGlobalSection
	GlobalSection(ProjectConfigurationPlatforms) = postSolution
		{7319ABBB-B253-4F69-961F-B7BDDDF6E92B}.Debug|Any CPU.ActiveCfg = Debug|Any CPU
		{7319ABBB-B253-4F69-961F-B7BDDDF6E92B}.Debug|Any CPU.Build.0 = Debug|Any CPU
		{7319ABBB-B253-4F69-961F-B7BDDDF6E92B}.Release|Any CPU.ActiveCfg = Release|Any CPU
		{7319ABBB-B253-4F69-961F-B7BDDDF6E92B}.Release|Any CPU.Build.0 = Release|Any CPU
	EndGlobalSection
	GlobalSection(SolutionProperties) = preSolution
		HideSolutionNode = FALSE
	EndGlobalSection
	GlobalSection(ExtensibilityGlobals) = postSolution
		SolutionGuid = {149EAD3D-137B-4B3A-866F-C9DBAB2DED0C}
	EndGlobalSection
EndGlobal
